
Microsoft Visual Studio Solution File, Format Version 12.00
# Visual Studio Version 17
VisualStudioVersion = 17.7.34221.43
MinimumVisualStudioVersion = 10.0.40219.1
Project("{FAE04EC0-301F-11D3-BF4B-00C04F79EFBC}") = "TheFaceShop", "TheFaceShop\TheFaceShop.csproj", "{FD135627-0FC5-4544-8E7C-A96DF8D3976E}"
EndProject
Global
	GlobalSection(SolutionConfigurationPlatforms) = preSolution
		Debug|Any CPU = Debug|Any CPU
		Release|Any CPU = Release|Any CPU
	EndGlobalSection
	GlobalSection(ProjectConfigurationPlatforms) = postSolution
		{FD135627-0FC5-4544-8E7C-A96DF8D3976E}.Debug|Any CPU.ActiveCfg = Debug|Any CPU
		{FD135627-0FC5-4544-8E7C-A96DF8D3976E}.Debug|Any CPU.Build.0 = Debug|Any CPU
		{FD135627-0FC5-4544-8E7C-A96DF8D3976E}.Release|Any CPU.ActiveCfg = Release|Any CPU
		{FD135627-0FC5-4544-8E7C-A96DF8D3976E}.Release|Any CPU.Build.0 = Release|Any CPU
	EndGlobalSection
	GlobalSection(SolutionProperties) = preSolution
		HideSolutionNode = FALSE
	EndGlobalSection
	GlobalSection(ExtensibilityGlobals) = postSolution
		SolutionGuid = {1C2CB622-1DE5-4461-A783-7D80ECF5ABB4}
	EndGlobalSection
EndGlobal
