
Microsoft Visual Studio Solution File, Format Version 12.00
# Visual Studio Version 17
VisualStudioVersion = 17.8.34309.116
MinimumVisualStudioVersion = 10.0.40219.1
Project("{FAE04EC0-301F-11D3-BF4B-00C04F79EFBC}") = "TheFaceShop", "TheFaceShop\TheFaceShop.csproj", "{5D8AD3DD-97E1-4335-8371-FBFEC4BBBB87}"
EndProject
Global
	GlobalSection(SolutionConfigurationPlatforms) = preSolution
		Debug|Any CPU = Debug|Any CPU
		Release|Any CPU = Release|Any CPU
	EndGlobalSection
	GlobalSection(ProjectConfigurationPlatforms) = postSolution
		{5D8AD3DD-97E1-4335-8371-FBFEC4BBBB87}.Debug|Any CPU.ActiveCfg = Debug|Any CPU
		{5D8AD3DD-97E1-4335-8371-FBFEC4BBBB87}.Debug|Any CPU.Build.0 = Debug|Any CPU
		{5D8AD3DD-97E1-4335-8371-FBFEC4BBBB87}.Release|Any CPU.ActiveCfg = Release|Any CPU
		{5D8AD3DD-97E1-4335-8371-FBFEC4BBBB87}.Release|Any CPU.Build.0 = Release|Any CPU
	EndGlobalSection
	GlobalSection(SolutionProperties) = preSolution
		HideSolutionNode = FALSE
	EndGlobalSection
	GlobalSection(ExtensibilityGlobals) = postSolution
		SolutionGuid = {F928F644-B4F5-4582-B1D3-315F346DD39C}
	EndGlobalSection
EndGlobal
